// !$*UTF8*$!
{
	archiveVersion = 1;
	classes = {
	};
	objectVersion = 50;
	objects = {

/* Begin PBXBuildFile section */
		7309DDFF26965AA8004875B2 /* SAT_Vocabulary_BuilderApp.swift in Sources */ = {isa = PBXBuildFile; fileRef = 7309DDFE26965AA8004875B2 /* SAT_Vocabulary_BuilderApp.swift */; };
		7309DE0126965AA8004875B2 /* ContentView.swift in Sources */ = {isa = PBXBuildFile; fileRef = 7309DE0026965AA8004875B2 /* ContentView.swift */; };
		7309DE0326965AAA004875B2 /* Assets.xcassets in Resources */ = {isa = PBXBuildFile; fileRef = 7309DE0226965AAA004875B2 /* Assets.xcassets */; };
		7309DE0626965AAA004875B2 /* Preview Assets.xcassets in Resources */ = {isa = PBXBuildFile; fileRef = 7309DE0526965AAA004875B2 /* Preview Assets.xcassets */; };
		7309DE0E26965AC9004875B2 /* WordStruct.swift in Sources */ = {isa = PBXBuildFile; fileRef = 7309DE0D26965AC9004875B2 /* WordStruct.swift */; };
		737D1504269A37F6006E191C /* CheckBoxView.swift in Sources */ = {isa = PBXBuildFile; fileRef = 737D1503269A37F6006E191C /* CheckBoxView.swift */; };
/* End PBXBuildFile section */

/* Begin PBXFileReference section */
		7309DDFB26965AA8004875B2 /* SAT Vocabulary Builder.app */ = {isa = PBXFileReference; explicitFileType = wrapper.application; includeInIndex = 0; path = "SAT Vocabulary Builder.app"; sourceTree = BUILT_PRODUCTS_DIR; };
		7309DDFE26965AA8004875B2 /* SAT_Vocabulary_BuilderApp.swift */ = {isa = PBXFileReference; lastKnownFileType = sourcecode.swift; path = SAT_Vocabulary_BuilderApp.swift; sourceTree = "<group>"; };
		7309DE0026965AA8004875B2 /* ContentView.swift */ = {isa = PBXFileReference; lastKnownFileType = sourcecode.swift; path = ContentView.swift; sourceTree = "<group>"; };
		7309DE0226965AAA004875B2 /* Assets.xcassets */ = {isa = PBXFileReference; lastKnownFileType = folder.assetcatalog; path = Assets.xcassets; sourceTree = "<group>"; };
		7309DE0526965AAA004875B2 /* Preview Assets.xcassets */ = {isa = PBXFileReference; lastKnownFileType = folder.assetcatalog; path = "Preview Assets.xcassets"; sourceTree = "<group>"; };
		7309DE0726965AAA004875B2 /* Info.plist */ = {isa = PBXFileReference; lastKnownFileType = text.plist.xml; path = Info.plist; sourceTree = "<group>"; };
		7309DE0D26965AC9004875B2 /* WordStruct.swift */ = {isa = PBXFileReference; lastKnownFileType = sourcecode.swift; path = WordStruct.swift; sourceTree = "<group>"; };
		737D1503269A37F6006E191C /* CheckBoxView.swift */ = {isa = PBXFileReference; lastKnownFileType = sourcecode.swift; path = CheckBoxView.swift; sourceTree = "<group>"; };
/* End PBXFileReference section */

/* Begin PBXFrameworksBuildPhase section */
		7309DDF826965AA8004875B2 /* Frameworks */ = {
			isa = PBXFrameworksBuildPhase;
			buildActionMask = 2147483647;
			files = (
			);
			runOnlyForDeploymentPostprocessing = 0;
		};
/* End PBXFrameworksBuildPhase section */

/* Begin PBXGroup section */
		7309DDF226965AA8004875B2 = {
			isa = PBXGroup;
			children = (
				7309DDFD26965AA8004875B2 /* SAT Vocabulary Builder */,
				7309DDFC26965AA8004875B2 /* Products */,
			);
			sourceTree = "<group>";
		};
		7309DDFC26965AA8004875B2 /* Products */ = {
			isa = PBXGroup;
			children = (
				7309DDFB26965AA8004875B2 /* SAT Vocabulary Builder.app */,
			);
			name = Products;
			sourceTree = "<group>";
		};
		7309DDFD26965AA8004875B2 /* SAT Vocabulary Builder */ = {
			isa = PBXGroup;
			children = (
				7309DDFE26965AA8004875B2 /* SAT_Vocabulary_BuilderApp.swift */,
				7309DE0026965AA8004875B2 /* ContentView.swift */,
				737D1503269A37F6006E191C /* CheckBoxView.swift */,
				7309DE0D26965AC9004875B2 /* WordStruct.swift */,
				7309DE0226965AAA004875B2 /* Assets.xcassets */,
				7309DE0726965AAA004875B2 /* Info.plist */,
				7309DE0426965AAA004875B2 /* Preview Content */,
			);
			path = "SAT Vocabulary Builder";
			sourceTree = "<group>";
		};
		7309DE0426965AAA004875B2 /* Preview Content */ = {
			isa = PBXGroup;
			children = (
				7309DE0526965AAA004875B2 /* Preview Assets.xcassets */,
			);
			path = "Preview Content";
			sourceTree = "<group>";
		};
/* End PBXGroup section */

/* Begin PBXNativeTarget section */
		7309DDFA26965AA8004875B2 /* SAT Vocabulary Builder */ = {
			isa = PBXNativeTarget;
			buildConfigurationList = 7309DE0A26965AAA004875B2 /* Build configuration list for PBXNativeTarget "SAT Vocabulary Builder" */;
			buildPhases = (
				7309DDF726965AA8004875B2 /* Sources */,
				7309DDF826965AA8004875B2 /* Frameworks */,
				7309DDF926965AA8004875B2 /* Resources */,
			);
			buildRules = (
			);
			dependencies = (
			);
			name = "SAT Vocabulary Builder";
			productName = "SAT Vocabulary Builder";
			productReference = 7309DDFB26965AA8004875B2 /* SAT Vocabulary Builder.app */;
			productType = "com.apple.product-type.application";
		};
/* End PBXNativeTarget section */

/* Begin PBXProject section */
		7309DDF326965AA8004875B2 /* Project object */ = {
			isa = PBXProject;
			attributes = {
				LastSwiftUpdateCheck = 1250;
				LastUpgradeCheck = 1250;
				TargetAttributes = {
					7309DDFA26965AA8004875B2 = {
						CreatedOnToolsVersion = 12.5;
					};
				};
			};
			buildConfigurationList = 7309DDF626965AA8004875B2 /* Build configuration list for PBXProject "SAT Vocabulary Builder" */;
			compatibilityVersion = "Xcode 9.3";
			developmentRegion = en;
			hasScannedForEncodings = 0;
			knownRegions = (
				en,
				Base,
			);
			mainGroup = 7309DDF226965AA8004875B2;
			productRefGroup = 7309DDFC26965AA8004875B2 /* Products */;
			projectDirPath = "";
			projectRoot = "";
			targets = (
				7309DDFA26965AA8004875B2 /* SAT Vocabulary Builder */,
			);
		};
/* End PBXProject section */

/* Begin PBXResourcesBuildPhase section */
		7309DDF926965AA8004875B2 /* Resources */ = {
			isa = PBXResourcesBuildPhase;
			buildActionMask = 2147483647;
			files = (
				7309DE0626965AAA004875B2 /* Preview Assets.xcassets in Resources */,
				7309DE0326965AAA004875B2 /* Assets.xcassets in Resources */,
			);
			runOnlyForDeploymentPostprocessing = 0;
		};
/* End PBXResourcesBuildPhase section */

/* Begin PBXSourcesBuildPhase section */
		7309DDF726965AA8004875B2 /* Sources */ = {
			isa = PBXSourcesBuildPhase;
			buildActionMask = 2147483647;
			files = (
				7309DE0126965AA8004875B2 /* ContentView.swift in Sources */,
				7309DDFF26965AA8004875B2 /* SAT_Vocabulary_BuilderApp.swift in Sources */,
				737D1504269A37F6006E191C /* CheckBoxView.swift in Sources */,
				7309DE0E26965AC9004875B2 /* WordStruct.swift in Sources */,
			);
			runOnlyForDeploymentPostprocessing = 0;
		};
/* End PBXSourcesBuildPhase section */

/* Begin XCBuildConfiguration section */
		7309DE0826965AAA004875B2 /* Debug */ = {
			isa = XCBuildConfiguration;
			buildSettings = {
				ALWAYS_SEARCH_USER_PATHS = NO;
				CLANG_ANALYZER_NONNULL = YES;
				CLANG_ANALYZER_NUMBER_OBJECT_CONVERSION = YES_AGGRESSIVE;
				CLANG_CXX_LANGUAGE_STANDARD = "gnu++14";
				CLANG_CXX_LIBRARY = "libc++";
				CLANG_ENABLE_MODULES = YES;
				CLANG_ENABLE_OBJC_ARC = YES;
				CLANG_ENABLE_OBJC_WEAK = YES;
				CLANG_WARN_BLOCK_CAPTURE_AUTORELEASING = YES;
				CLANG_WARN_BOOL_CONVERSION = YES;
				CLANG_WARN_COMMA = YES;
				CLANG_WARN_CONSTANT_CONVERSION = YES;
				CLANG_WARN_DEPRECATED_OBJC_IMPLEMENTATIONS = YES;
				CLANG_WARN_DIRECT_OBJC_ISA_USAGE = YES_ERROR;
				CLANG_WARN_DOCUMENTATION_COMMENTS = YES;
				CLANG_WARN_EMPTY_BODY = YES;
				CLANG_WARN_ENUM_CONVERSION = YES;
				CLANG_WARN_INFINITE_RECURSION = YES;
				CLANG_WARN_INT_CONVERSION = YES;
				CLANG_WARN_NON_LITERAL_NULL_CONVERSION = YES;
				CLANG_WARN_OBJC_IMPLICIT_RETAIN_SELF = YES;
				CLANG_WARN_OBJC_LITERAL_CONVERSION = YES;
				CLANG_WARN_OBJC_ROOT_CLASS = YES_ERROR;
				CLANG_WARN_QUOTED_INCLUDE_IN_FRAMEWORK_HEADER = YES;
				CLANG_WARN_RANGE_LOOP_ANALYSIS = YES;
				CLANG_WARN_STRICT_PROTOTYPES = YES;
				CLANG_WARN_SUSPICIOUS_MOVE = YES;
				CLANG_WARN_UNGUARDED_AVAILABILITY = YES_AGGRESSIVE;
				CLANG_WARN_UNREACHABLE_CODE = YES;
				CLANG_WARN__DUPLICATE_METHOD_MATCH = YES;
				COPY_PHASE_STRIP = NO;
				DEBUG_INFORMATION_FORMAT = dwarf;
				ENABLE_STRICT_OBJC_MSGSEND = YES;
				ENABLE_TESTABILITY = YES;
				GCC_C_LANGUAGE_STANDARD = gnu11;
				GCC_DYNAMIC_NO_PIC = NO;
				GCC_NO_COMMON_BLOCKS = YES;
				GCC_OPTIMIZATION_LEVEL = 0;
				GCC_PREPROCESSOR_DEFINITIONS = (
					"DEBUG=1",
					"$(inherited)",
				);
				GCC_WARN_64_TO_32_BIT_CONVERSION = YES;
				GCC_WARN_ABOUT_RETURN_TYPE = YES_ERROR;
				GCC_WARN_UNDECLARED_SELECTOR = YES;
				GCC_WARN_UNINITIALIZED_AUTOS = YES_AGGRESSIVE;
				GCC_WARN_UNUSED_FUNCTION = YES;
				GCC_WARN_UNUSED_VARIABLE = YES;
				IPHONEOS_DEPLOYMENT_TARGET = 14.5;
				MTL_ENABLE_DEBUG_INFO = INCLUDE_SOURCE;
				MTL_FAST_MATH = YES;
				ONLY_ACTIVE_ARCH = YES;
				SDKROOT = iphoneos;
				SWIFT_ACTIVE_COMPILATION_CONDITIONS = DEBUG;
				SWIFT_OPTIMIZATION_LEVEL = "-Onone";
			};
			name = Debug;
		};
		7309DE0926965AAA004875B2 /* Release */ = {
			isa = XCBuildConfiguration;
			buildSettings = {
				ALWAYS_SEARCH_USER_PATHS = NO;
				CLANG_ANALYZER_NONNULL = YES;
				CLANG_ANALYZER_NUMBER_OBJECT_CONVERSION = YES_AGGRESSIVE;
				CLANG_CXX_LANGUAGE_STANDARD = "gnu++14";
				CLANG_CXX_LIBRARY = "libc++";
				CLANG_ENABLE_MODULES = YES;
				CLANG_ENABLE_OBJC_ARC = YES;
				CLANG_ENABLE_OBJC_WEAK = YES;
				CLANG_WARN_BLOCK_CAPTURE_AUTORELEASING = YES;
				CLANG_WARN_BOOL_CONVERSION = YES;
				CLANG_WARN_COMMA = YES;
				CLANG_WARN_CONSTANT_CONVERSION = YES;
				CLANG_WARN_DEPRECATED_OBJC_IMPLEMENTATIONS = YES;
				CLANG_WARN_DIRECT_OBJC_ISA_USAGE = YES_ERROR;
				CLANG_WARN_DOCUMENTATION_COMMENTS = YES;
				CLANG_WARN_EMPTY_BODY = YES;
				CLANG_WARN_ENUM_CONVERSION = YES;
				CLANG_WARN_INFINITE_RECURSION = YES;
				CLANG_WARN_INT_CONVERSION = YES;
				CLANG_WARN_NON_LITERAL_NULL_CONVERSION = YES;
				CLANG_WARN_OBJC_IMPLICIT_RETAIN_SELF = YES;
				CLANG_WARN_OBJC_LITERAL_CONVERSION = YES;
				CLANG_WARN_OBJC_ROOT_CLASS = YES_ERROR;
				CLANG_WARN_QUOTED_INCLUDE_IN_FRAMEWORK_HEADER = YES;
				CLANG_WARN_RANGE_LOOP_ANALYSIS = YES;
				CLANG_WARN_STRICT_PROTOTYPES = YES;
				CLANG_WARN_SUSPICIOUS_MOVE = YES;
				CLANG_WARN_UNGUARDED_AVAILABILITY = YES_AGGRESSIVE;
				CLANG_WARN_UNREACHABLE_CODE = YES;
				CLANG_WARN__DUPLICATE_METHOD_MATCH = YES;
				COPY_PHASE_STRIP = NO;
				DEBUG_INFORMATION_FORMAT = "dwarf-with-dsym";
				ENABLE_NS_ASSERTIONS = NO;
				ENABLE_STRICT_OBJC_MSGSEND = YES;
				GCC_C_LANGUAGE_STANDARD = gnu11;
				GCC_NO_COMMON_BLOCKS = YES;
				GCC_WARN_64_TO_32_BIT_CONVERSION = YES;
				GCC_WARN_ABOUT_RETURN_TYPE = YES_ERROR;
				GCC_WARN_UNDECLARED_SELECTOR = YES;
				GCC_WARN_UNINITIALIZED_AUTOS = YES_AGGRESSIVE;
				GCC_WARN_UNUSED_FUNCTION = YES;
				GCC_WARN_UNUSED_VARIABLE = YES;
				IPHONEOS_DEPLOYMENT_TARGET = 14.5;
				MTL_ENABLE_DEBUG_INFO = NO;
				MTL_FAST_MATH = YES;
				SDKROOT = iphoneos;
				SWIFT_COMPILATION_MODE = wholemodule;
				SWIFT_OPTIMIZATION_LEVEL = "-O";
				VALIDATE_PRODUCT = YES;
			};
			name = Release;
		};
		7309DE0B26965AAA004875B2 /* Debug */ = {
			isa = XCBuildConfiguration;
			buildSettings = {
				ASSETCATALOG_COMPILER_APPICON_NAME = AppIcon;
				ASSETCATALOG_COMPILER_GLOBAL_ACCENT_COLOR_NAME = AccentColor;
				CODE_SIGN_STYLE = Automatic;
				DEVELOPMENT_ASSET_PATHS = "\"SAT Vocabulary Builder/Preview Content\"";
				DEVELOPMENT_TEAM = U3X855758T;
				ENABLE_PREVIEWS = YES;
				INFOPLIST_FILE = "SAT Vocabulary Builder/Info.plist";
				IPHONEOS_DEPLOYMENT_TARGET = 14.0;
				LD_RUNPATH_SEARCH_PATHS = (
					"$(inherited)",
					"@executable_path/Frameworks",
				);
				PRODUCT_BUNDLE_IDENTIFIER = "com.boxscorepress.SAT-Vocabulary-Builder";
				PRODUCT_NAME = "$(TARGET_NAME)";
				SWIFT_VERSION = 5.0;
				TARGETED_DEVICE_FAMILY = "1,2";
			};
			name = Debug;
		};
		7309DE0C26965AAA004875B2 /* Release */ = {
			isa = XCBuildConfiguration;
			buildSettings = {
				ASSETCATALOG_COMPILER_APPICON_NAME = AppIcon;
				ASSETCATALOG_COMPILER_GLOBAL_ACCENT_COLOR_NAME = AccentColor;
				CODE_SIGN_STYLE = Automatic;
				DEVELOPMENT_ASSET_PATHS = "\"SAT Vocabulary Builder/Preview Content\"";
				DEVELOPMENT_TEAM = U3X855758T;
				ENABLE_PREVIEWS = YES;
				INFOPLIST_FILE = "SAT Vocabulary Builder/Info.plist";
				IPHONEOS_DEPLOYMENT_TARGET = 14.0;
				LD_RUNPATH_SEARCH_PATHS = (
					"$(inherited)",
					"@executable_path/Frameworks",
				);
				PRODUCT_BUNDLE_IDENTIFIER = "com.boxscorepress.SAT-Vocabulary-Builder";
				PRODUCT_NAME = "$(TARGET_NAME)";
				SWIFT_VERSION = 5.0;
				TARGETED_DEVICE_FAMILY = "1,2";
			};
			name = Release;
		};
/* End XCBuildConfiguration section */

/* Begin XCConfigurationList section */
		7309DDF626965AA8004875B2 /* Build configuration list for PBXProject "SAT Vocabulary Builder" */ = {
			isa = XCConfigurationList;
			buildConfigurations = (
				7309DE0826965AAA004875B2 /* Debug */,
				7309DE0926965AAA004875B2 /* Release */,
			);
			defaultConfigurationIsVisible = 0;
			defaultConfigurationName = Release;
		};
		7309DE0A26965AAA004875B2 /* Build configuration list for PBXNativeTarget "SAT Vocabulary Builder" */ = {
			isa = XCConfigurationList;
			buildConfigurations = (
				7309DE0B26965AAA004875B2 /* Debug */,
				7309DE0C26965AAA004875B2 /* Release */,
			);
			defaultConfigurationIsVisible = 0;
			defaultConfigurationName = Release;
		};
/* End XCConfigurationList section */
	};
	rootObject = 7309DDF326965AA8004875B2 /* Project object */;
}
